
Microsoft Visual Studio Solution File, Format Version 12.00
# Visual Studio Version 17
VisualStudioVersion = 17.5.002.0
MinimumVisualStudioVersion = 10.0.40219.1
Project("{9A19103F-16F7-4668-BE54-9A1E7A4F7556}") = "RedactorApi", "RedactorApi\RedactorApi.csproj", "{6B20E920-13E7-4C08-A8AE-6E58D5714CC4}"
EndProject
Project("{FAE04EC0-301F-11D3-BF4B-00C04F79EFBC}") = "RedactorApi.Tests", "..\test\RedactorApi.Tests\RedactorApi.Tests.csproj", "{602B0116-1B54-4E40-A24B-544CC3F602EF}"
EndProject
Project("{FAE04EC0-301F-11D3-BF4B-00C04F79EFBC}") = "RedactorApiAspire.AppHost", "RedactorApiAspire.AppHost\RedactorApiAspire.AppHost.csproj", "{1CE46EA1-14D3-4D7B-90F3-34237EDF1617}"
EndProject
Project("{FAE04EC0-301F-11D3-BF4B-00C04F79EFBC}") = "RedactorApiAspire.ServiceDefaults", "RedactorApiAspire.ServiceDefaults\RedactorApiAspire.ServiceDefaults.csproj", "{EE9A946E-BAF7-4752-988C-CCF514B6CE3B}"
EndProject
Project("{FAE04EC0-301F-11D3-BF4B-00C04F79EFBC}") = "Presidio.Hosting", "Presidio.Hosting\Presidio.Hosting.csproj", "{D7BDAE27-FEB3-4253-A2D7-FCC898340BC2}"
EndProject
Project("{FAE04EC0-301F-11D3-BF4B-00C04F79EFBC}") = "RedactorApi.Benchmarks", "..\test\benchmark\RedactorApi.Benchmarks\RedactorApi.Benchmarks.csproj", "{BE308700-ED77-45DE-A98B-9F577276AD2B}"
EndProject
Project("{2150E333-8FDC-42A3-9474-1A3956D46DE8}") = "Notes", "Notes", "{C3D62ED3-307A-4733-9257-3FF5671F186A}"
	ProjectSection(SolutionItems) = preProject
		..\README.md = ..\README.md
	EndProjectSection
EndProject
Project("{2150E333-8FDC-42A3-9474-1A3956D46DE8}") = "Browser", "Browser", "{24B2AF99-B635-4AC7-A38D-6DD4DCBBBF2D}"
	ProjectSection(SolutionItems) = preProject
		..\browser\ChromeExtension\background.js = ..\browser\ChromeExtension\background.js
		..\browser\ChromeExtension\content-script.js = ..\browser\ChromeExtension\content-script.js
		..\browser\ChromeExtension\injected-script.js = ..\browser\ChromeExtension\injected-script.js
		..\browser\ChromeExtension\manifest.json = ..\browser\ChromeExtension\manifest.json
		..\browser\ChromeExtension\options.html = ..\browser\ChromeExtension\options.html
		..\browser\ChromeExtension\options.js = ..\browser\ChromeExtension\options.js
		..\browser\ChromeExtension\readme.md = ..\browser\ChromeExtension\readme.md
		..\browser\ChromeExtension\sidepanel.html = ..\browser\ChromeExtension\sidepanel.html
		..\browser\ChromeExtension\sidepanel.js = ..\browser\ChromeExtension\sidepanel.js
	EndProjectSection
EndProject
Global
	GlobalSection(SolutionConfigurationPlatforms) = preSolution
		Debug|Any CPU = Debug|Any CPU
		Release|Any CPU = Release|Any CPU
	EndGlobalSection
	GlobalSection(ProjectConfigurationPlatforms) = postSolution
		{6B20E920-13E7-4C08-A8AE-6E58D5714CC4}.Debug|Any CPU.ActiveCfg = Debug|Any CPU
		{6B20E920-13E7-4C08-A8AE-6E58D5714CC4}.Debug|Any CPU.Build.0 = Debug|Any CPU
		{6B20E920-13E7-4C08-A8AE-6E58D5714CC4}.Release|Any CPU.ActiveCfg = Release|Any CPU
		{6B20E920-13E7-4C08-A8AE-6E58D5714CC4}.Release|Any CPU.Build.0 = Release|Any CPU
		{602B0116-1B54-4E40-A24B-544CC3F602EF}.Debug|Any CPU.ActiveCfg = Debug|Any CPU
		{602B0116-1B54-4E40-A24B-544CC3F602EF}.Debug|Any CPU.Build.0 = Debug|Any CPU
		{602B0116-1B54-4E40-A24B-544CC3F602EF}.Release|Any CPU.ActiveCfg = Release|Any CPU
		{602B0116-1B54-4E40-A24B-544CC3F602EF}.Release|Any CPU.Build.0 = Release|Any CPU
		{1CE46EA1-14D3-4D7B-90F3-34237EDF1617}.Debug|Any CPU.ActiveCfg = Debug|Any CPU
		{1CE46EA1-14D3-4D7B-90F3-34237EDF1617}.Debug|Any CPU.Build.0 = Debug|Any CPU
		{1CE46EA1-14D3-4D7B-90F3-34237EDF1617}.Release|Any CPU.ActiveCfg = Release|Any CPU
		{1CE46EA1-14D3-4D7B-90F3-34237EDF1617}.Release|Any CPU.Build.0 = Release|Any CPU
		{EE9A946E-BAF7-4752-988C-CCF514B6CE3B}.Debug|Any CPU.ActiveCfg = Debug|Any CPU
		{EE9A946E-BAF7-4752-988C-CCF514B6CE3B}.Debug|Any CPU.Build.0 = Debug|Any CPU
		{EE9A946E-BAF7-4752-988C-CCF514B6CE3B}.Release|Any CPU.ActiveCfg = Release|Any CPU
		{EE9A946E-BAF7-4752-988C-CCF514B6CE3B}.Release|Any CPU.Build.0 = Release|Any CPU
		{D7BDAE27-FEB3-4253-A2D7-FCC898340BC2}.Debug|Any CPU.ActiveCfg = Debug|Any CPU
		{D7BDAE27-FEB3-4253-A2D7-FCC898340BC2}.Debug|Any CPU.Build.0 = Debug|Any CPU
		{D7BDAE27-FEB3-4253-A2D7-FCC898340BC2}.Release|Any CPU.ActiveCfg = Release|Any CPU
		{D7BDAE27-FEB3-4253-A2D7-FCC898340BC2}.Release|Any CPU.Build.0 = Release|Any CPU
		{BE308700-ED77-45DE-A98B-9F577276AD2B}.Debug|Any CPU.ActiveCfg = Debug|Any CPU
		{BE308700-ED77-45DE-A98B-9F577276AD2B}.Debug|Any CPU.Build.0 = Debug|Any CPU
		{BE308700-ED77-45DE-A98B-9F577276AD2B}.Release|Any CPU.ActiveCfg = Release|Any CPU
		{BE308700-ED77-45DE-A98B-9F577276AD2B}.Release|Any CPU.Build.0 = Release|Any CPU
	EndGlobalSection
	GlobalSection(SolutionProperties) = preSolution
		HideSolutionNode = FALSE
	EndGlobalSection
	GlobalSection(ExtensibilityGlobals) = postSolution
		SolutionGuid = {0D6EC949-2B34-44F0-9906-71935454CE65}
	EndGlobalSection
EndGlobal
